
Microsoft Visual Studio Solution File, Format Version 12.00
# Visual Studio 15
Project("{FAE04EC0-301F-11D3-BF4B-00C04F79EFBC}") = "Assembly-CSharp-firstpass", "Assembly-CSharp-firstpass.csproj", "{BEC8FBFA-E847-FACA-7406-4A20A2DD90A7}"
EndProject
Project("{FAE04EC0-301F-11D3-BF4B-00C04F79EFBC}") = "Assembly-CSharp", "Assembly-CSharp.csproj", "{82E3AF17-61EC-267B-06FA-44ACC06DB293}"
EndProject
Global
	GlobalSection(SolutionConfigurationPlatforms) = preSolution
		Debug|Any CPU = Debug|Any CPU
		Release|Any CPU = Release|Any CPU
	EndGlobalSection
	GlobalSection(ProjectConfigurationPlatforms) = postSolution
		{BEC8FBFA-E847-FACA-7406-4A20A2DD90A7}.Debug|Any CPU.ActiveCfg = Debug|Any CPU
		{BEC8FBFA-E847-FACA-7406-4A20A2DD90A7}.Debug|Any CPU.Build.0 = Debug|Any CPU
		{BEC8FBFA-E847-FACA-7406-4A20A2DD90A7}.Release|Any CPU.ActiveCfg = Release|Any CPU
		{BEC8FBFA-E847-FACA-7406-4A20A2DD90A7}.Release|Any CPU.Build.0 = Release|Any CPU
		{82E3AF17-61EC-267B-06FA-44ACC06DB293}.Debug|Any CPU.ActiveCfg = Debug|Any CPU
		{82E3AF17-61EC-267B-06FA-44ACC06DB293}.Debug|Any CPU.Build.0 = Debug|Any CPU
		{82E3AF17-61EC-267B-06FA-44ACC06DB293}.Release|Any CPU.ActiveCfg = Release|Any CPU
		{82E3AF17-61EC-267B-06FA-44ACC06DB293}.Release|Any CPU.Build.0 = Release|Any CPU
	EndGlobalSection
	GlobalSection(SolutionProperties) = preSolution
		HideSolutionNode = FALSE
	EndGlobalSection
EndGlobal
